
Microsoft Visual Studio Solution File, Format Version 12.00
# Visual Studio Version 17
VisualStudioVersion = 17.4.33213.308
MinimumVisualStudioVersion = 10.0.40219.1
Project("{9A19103F-16F7-4668-BE54-9A1E7A4F7556}") = "Kakao", "Kakao\Kakao.csproj", "{E2E651E5-4397-43A1-A4A6-63E3F38AD809}"
EndProject
Project("{9A19103F-16F7-4668-BE54-9A1E7A4F7556}") = "Kakao.Forms", "Kakao.Forms\Kakao.Forms.csproj", "{910AB126-1204-4BDD-AD2B-8A832415A5D1}"
EndProject
Project("{2150E333-8FDC-42A3-9474-1A3956D46DE8}") = "Studio", "Studio", "{09B448D6-85E0-41BF-928D-AFB92E613333}"
EndProject
Project("{2150E333-8FDC-42A3-9474-1A3956D46DE8}") = "Partial", "Partial", "{FCC775C4-0743-4C63-BF38-2CDE30B4875C}"
EndProject
Project("{9A19103F-16F7-4668-BE54-9A1E7A4F7556}") = "Kakao.Login", "Kakao.Login\Kakao.Login.csproj", "{A4401F0F-F6EB-4D52-871E-BB1B360D955F}"
EndProject
Project("{9A19103F-16F7-4668-BE54-9A1E7A4F7556}") = "Kakao.Friends", "Kakao.Friends\Kakao.Friends.csproj", "{D32D3E72-B095-4D2F-821F-506397BC1D50}"
EndProject
Project("{2150E333-8FDC-42A3-9474-1A3956D46DE8}") = "Based", "Based", "{BD13C551-CF92-403D-9526-EBB03C01A573}"
EndProject
Project("{9A19103F-16F7-4668-BE54-9A1E7A4F7556}") = "Kakao.Core", "Kakao.Core\Kakao.Core.csproj", "{08D3616D-31D9-444B-B53B-C58BF0DEFAB8}"
EndProject
Project("{9A19103F-16F7-4668-BE54-9A1E7A4F7556}") = "Kakao.Main", "Kakao.Main\Kakao.Main.csproj", "{560B6305-D4D6-42C7-B971-9A5CFA03B122}"
EndProject
Project("{9A19103F-16F7-4668-BE54-9A1E7A4F7556}") = "Kakao.Chats", "Kakao.Chats\Kakao.Chats.csproj", "{F7A8D64B-788E-4EDF-A804-6C7474D09DF4}"
EndProject
Project("{9A19103F-16F7-4668-BE54-9A1E7A4F7556}") = "Kakao.More", "Kakao.More\Kakao.More.csproj", "{985AAE5D-F825-4CF3-A4E0-B9DB2E0E4696}"
EndProject
Project("{2150E333-8FDC-42A3-9474-1A3956D46DE8}") = "Foundation", "Foundation", "{7D1125A0-90F1-419D-9C69-AAB52790DBBB}"
EndProject
Project("{9A19103F-16F7-4668-BE54-9A1E7A4F7556}") = "Kakao.LayoutSupport", "Kakao.LayoutSupport\Kakao.LayoutSupport.csproj", "{27DEF0BC-AFCC-4C2E-9328-AC4519153F57}"
EndProject
Project("{9A19103F-16F7-4668-BE54-9A1E7A4F7556}") = "Kakao.Friends.Birth", "Kakao.Friends.Birth\Kakao.Friends.Birth.csproj", "{8B514DF7-3C2C-497F-8C60-A1C9D4EA985D}"
EndProject
Project("{2150E333-8FDC-42A3-9474-1A3956D46DE8}") = "Friends", "Friends", "{68768C30-78ED-41B4-8A96-629FCBEFA85B}"
EndProject
Project("{9A19103F-16F7-4668-BE54-9A1E7A4F7556}") = "Kakao.Friends.Favorites", "Kakao.Friends.Favorite\Kakao.Friends.Favorites.csproj", "{0E0D801B-6CAC-4667-BA00-5D3BC5358DE0}"
EndProject
Project("{2150E333-8FDC-42A3-9474-1A3956D46DE8}") = "Pages", "Pages", "{3AA59747-66DE-4E26-BA07-D4E3C40CDDB6}"
EndProject
Project("{2150E333-8FDC-42A3-9474-1A3956D46DE8}") = "Talks", "Talks", "{1B5BAEF0-6A9C-4DE8-80D6-592572407829}"
EndProject
Project("{FAE04EC0-301F-11D3-BF4B-00C04F79EFBC}") = "Kakao.Talk", "Kakao.Talk\Kakao.Talk.csproj", "{0E133B63-6536-4D07-99B7-9FEE8BAF604A}"
EndProject
Project("{FAE04EC0-301F-11D3-BF4B-00C04F79EFBC}") = "Kakao.Talk.TextMessage", "Kakao.Talk.TextMessage\Kakao.Talk.TextMessage.csproj", "{C63E2367-7D48-45E7-AB6B-C5E16B293847}"
EndProject
Project("{FAE04EC0-301F-11D3-BF4B-00C04F79EFBC}") = "Kakao.Tests", "Kakao.Tests\Kakao.Tests.csproj", "{42B9284B-ECF1-40AB-9BBE-6F64CA92B3B8}"
EndProject
Global
	GlobalSection(SolutionConfigurationPlatforms) = preSolution
		Debug|Any CPU = Debug|Any CPU
		Release|Any CPU = Release|Any CPU
	EndGlobalSection
	GlobalSection(ProjectConfigurationPlatforms) = postSolution
		{E2E651E5-4397-43A1-A4A6-63E3F38AD809}.Debug|Any CPU.ActiveCfg = Debug|Any CPU
		{E2E651E5-4397-43A1-A4A6-63E3F38AD809}.Debug|Any CPU.Build.0 = Debug|Any CPU
		{E2E651E5-4397-43A1-A4A6-63E3F38AD809}.Release|Any CPU.ActiveCfg = Release|Any CPU
		{E2E651E5-4397-43A1-A4A6-63E3F38AD809}.Release|Any CPU.Build.0 = Release|Any CPU
		{910AB126-1204-4BDD-AD2B-8A832415A5D1}.Debug|Any CPU.ActiveCfg = Debug|Any CPU
		{910AB126-1204-4BDD-AD2B-8A832415A5D1}.Debug|Any CPU.Build.0 = Debug|Any CPU
		{910AB126-1204-4BDD-AD2B-8A832415A5D1}.Release|Any CPU.ActiveCfg = Release|Any CPU
		{910AB126-1204-4BDD-AD2B-8A832415A5D1}.Release|Any CPU.Build.0 = Release|Any CPU
		{A4401F0F-F6EB-4D52-871E-BB1B360D955F}.Debug|Any CPU.ActiveCfg = Debug|Any CPU
		{A4401F0F-F6EB-4D52-871E-BB1B360D955F}.Debug|Any CPU.Build.0 = Debug|Any CPU
		{A4401F0F-F6EB-4D52-871E-BB1B360D955F}.Release|Any CPU.ActiveCfg = Release|Any CPU
		{A4401F0F-F6EB-4D52-871E-BB1B360D955F}.Release|Any CPU.Build.0 = Release|Any CPU
		{D32D3E72-B095-4D2F-821F-506397BC1D50}.Debug|Any CPU.ActiveCfg = Debug|Any CPU
		{D32D3E72-B095-4D2F-821F-506397BC1D50}.Debug|Any CPU.Build.0 = Debug|Any CPU
		{D32D3E72-B095-4D2F-821F-506397BC1D50}.Release|Any CPU.ActiveCfg = Release|Any CPU
		{D32D3E72-B095-4D2F-821F-506397BC1D50}.Release|Any CPU.Build.0 = Release|Any CPU
		{08D3616D-31D9-444B-B53B-C58BF0DEFAB8}.Debug|Any CPU.ActiveCfg = Debug|Any CPU
		{08D3616D-31D9-444B-B53B-C58BF0DEFAB8}.Debug|Any CPU.Build.0 = Debug|Any CPU
		{08D3616D-31D9-444B-B53B-C58BF0DEFAB8}.Release|Any CPU.ActiveCfg = Release|Any CPU
		{08D3616D-31D9-444B-B53B-C58BF0DEFAB8}.Release|Any CPU.Build.0 = Release|Any CPU
		{560B6305-D4D6-42C7-B971-9A5CFA03B122}.Debug|Any CPU.ActiveCfg = Debug|Any CPU
		{560B6305-D4D6-42C7-B971-9A5CFA03B122}.Debug|Any CPU.Build.0 = Debug|Any CPU
		{560B6305-D4D6-42C7-B971-9A5CFA03B122}.Release|Any CPU.ActiveCfg = Release|Any CPU
		{560B6305-D4D6-42C7-B971-9A5CFA03B122}.Release|Any CPU.Build.0 = Release|Any CPU
		{F7A8D64B-788E-4EDF-A804-6C7474D09DF4}.Debug|Any CPU.ActiveCfg = Debug|Any CPU
		{F7A8D64B-788E-4EDF-A804-6C7474D09DF4}.Debug|Any CPU.Build.0 = Debug|Any CPU
		{F7A8D64B-788E-4EDF-A804-6C7474D09DF4}.Release|Any CPU.ActiveCfg = Release|Any CPU
		{F7A8D64B-788E-4EDF-A804-6C7474D09DF4}.Release|Any CPU.Build.0 = Release|Any CPU
		{985AAE5D-F825-4CF3-A4E0-B9DB2E0E4696}.Debug|Any CPU.ActiveCfg = Debug|Any CPU
		{985AAE5D-F825-4CF3-A4E0-B9DB2E0E4696}.Debug|Any CPU.Build.0 = Debug|Any CPU
		{985AAE5D-F825-4CF3-A4E0-B9DB2E0E4696}.Release|Any CPU.ActiveCfg = Release|Any CPU
		{985AAE5D-F825-4CF3-A4E0-B9DB2E0E4696}.Release|Any CPU.Build.0 = Release|Any CPU
		{27DEF0BC-AFCC-4C2E-9328-AC4519153F57}.Debug|Any CPU.ActiveCfg = Debug|Any CPU
		{27DEF0BC-AFCC-4C2E-9328-AC4519153F57}.Debug|Any CPU.Build.0 = Debug|Any CPU
		{27DEF0BC-AFCC-4C2E-9328-AC4519153F57}.Release|Any CPU.ActiveCfg = Release|Any CPU
		{27DEF0BC-AFCC-4C2E-9328-AC4519153F57}.Release|Any CPU.Build.0 = Release|Any CPU
		{8B514DF7-3C2C-497F-8C60-A1C9D4EA985D}.Debug|Any CPU.ActiveCfg = Debug|Any CPU
		{8B514DF7-3C2C-497F-8C60-A1C9D4EA985D}.Debug|Any CPU.Build.0 = Debug|Any CPU
		{8B514DF7-3C2C-497F-8C60-A1C9D4EA985D}.Release|Any CPU.ActiveCfg = Release|Any CPU
		{8B514DF7-3C2C-497F-8C60-A1C9D4EA985D}.Release|Any CPU.Build.0 = Release|Any CPU
		{0E0D801B-6CAC-4667-BA00-5D3BC5358DE0}.Debug|Any CPU.ActiveCfg = Debug|Any CPU
		{0E0D801B-6CAC-4667-BA00-5D3BC5358DE0}.Debug|Any CPU.Build.0 = Debug|Any CPU
		{0E0D801B-6CAC-4667-BA00-5D3BC5358DE0}.Release|Any CPU.ActiveCfg = Release|Any CPU
		{0E0D801B-6CAC-4667-BA00-5D3BC5358DE0}.Release|Any CPU.Build.0 = Release|Any CPU
		{0E133B63-6536-4D07-99B7-9FEE8BAF604A}.Debug|Any CPU.ActiveCfg = Debug|Any CPU
		{0E133B63-6536-4D07-99B7-9FEE8BAF604A}.Debug|Any CPU.Build.0 = Debug|Any CPU
		{0E133B63-6536-4D07-99B7-9FEE8BAF604A}.Release|Any CPU.ActiveCfg = Release|Any CPU
		{0E133B63-6536-4D07-99B7-9FEE8BAF604A}.Release|Any CPU.Build.0 = Release|Any CPU
		{C63E2367-7D48-45E7-AB6B-C5E16B293847}.Debug|Any CPU.ActiveCfg = Debug|Any CPU
		{C63E2367-7D48-45E7-AB6B-C5E16B293847}.Debug|Any CPU.Build.0 = Debug|Any CPU
		{C63E2367-7D48-45E7-AB6B-C5E16B293847}.Release|Any CPU.ActiveCfg = Release|Any CPU
		{C63E2367-7D48-45E7-AB6B-C5E16B293847}.Release|Any CPU.Build.0 = Release|Any CPU
		{42B9284B-ECF1-40AB-9BBE-6F64CA92B3B8}.Debug|Any CPU.ActiveCfg = Debug|Any CPU
		{42B9284B-ECF1-40AB-9BBE-6F64CA92B3B8}.Debug|Any CPU.Build.0 = Debug|Any CPU
		{42B9284B-ECF1-40AB-9BBE-6F64CA92B3B8}.Release|Any CPU.ActiveCfg = Release|Any CPU
		{42B9284B-ECF1-40AB-9BBE-6F64CA92B3B8}.Release|Any CPU.Build.0 = Release|Any CPU
	EndGlobalSection
	GlobalSection(SolutionProperties) = preSolution
		HideSolutionNode = FALSE
	EndGlobalSection
	GlobalSection(NestedProjects) = preSolution
		{E2E651E5-4397-43A1-A4A6-63E3F38AD809} = {09B448D6-85E0-41BF-928D-AFB92E613333}
		{910AB126-1204-4BDD-AD2B-8A832415A5D1} = {3AA59747-66DE-4E26-BA07-D4E3C40CDDB6}
		{A4401F0F-F6EB-4D52-871E-BB1B360D955F} = {3AA59747-66DE-4E26-BA07-D4E3C40CDDB6}
		{D32D3E72-B095-4D2F-821F-506397BC1D50} = {68768C30-78ED-41B4-8A96-629FCBEFA85B}
		{08D3616D-31D9-444B-B53B-C58BF0DEFAB8} = {BD13C551-CF92-403D-9526-EBB03C01A573}
		{560B6305-D4D6-42C7-B971-9A5CFA03B122} = {3AA59747-66DE-4E26-BA07-D4E3C40CDDB6}
		{F7A8D64B-788E-4EDF-A804-6C7474D09DF4} = {FCC775C4-0743-4C63-BF38-2CDE30B4875C}
		{985AAE5D-F825-4CF3-A4E0-B9DB2E0E4696} = {FCC775C4-0743-4C63-BF38-2CDE30B4875C}
		{27DEF0BC-AFCC-4C2E-9328-AC4519153F57} = {7D1125A0-90F1-419D-9C69-AAB52790DBBB}
		{8B514DF7-3C2C-497F-8C60-A1C9D4EA985D} = {68768C30-78ED-41B4-8A96-629FCBEFA85B}
		{68768C30-78ED-41B4-8A96-629FCBEFA85B} = {FCC775C4-0743-4C63-BF38-2CDE30B4875C}
		{0E0D801B-6CAC-4667-BA00-5D3BC5358DE0} = {68768C30-78ED-41B4-8A96-629FCBEFA85B}
		{3AA59747-66DE-4E26-BA07-D4E3C40CDDB6} = {FCC775C4-0743-4C63-BF38-2CDE30B4875C}
		{1B5BAEF0-6A9C-4DE8-80D6-592572407829} = {FCC775C4-0743-4C63-BF38-2CDE30B4875C}
		{0E133B63-6536-4D07-99B7-9FEE8BAF604A} = {1B5BAEF0-6A9C-4DE8-80D6-592572407829}
		{C63E2367-7D48-45E7-AB6B-C5E16B293847} = {1B5BAEF0-6A9C-4DE8-80D6-592572407829}
		{42B9284B-ECF1-40AB-9BBE-6F64CA92B3B8} = {3AA59747-66DE-4E26-BA07-D4E3C40CDDB6}
	EndGlobalSection
	GlobalSection(ExtensibilityGlobals) = postSolution
		SolutionGuid = {23CBD3C2-06A6-4549-92BD-830894F461E4}
	EndGlobalSection
EndGlobal
